github.com/BurntSushi/toml v0.3.1 h1:WXkYYl6Yr3qBf1K79EBnL4mak0OimBfB0XUf9Vl28OQ=
github.com/BurntSushi/toml v0.3.1/go.mod h1:xHWCNGjB5oqiDr8zfno3MHue2Ht5sIBksp03qcyfWMU=
github.com/hqpko/hbuffer v0.2.2 h1:HnDevzI0TnYrWq5IrBpUtRS4tRnlMfCt6EnrW8E3Xoo=
github.com/hqpko/hbuffer v0.2.2/go.mod h1:bmBkq1tUQianD4zmdGcpHj3CGq1mErKU7/XqyJIVgJA=
github.com/hqpko/hconcurrent v0.1.3 h1:vCY0cjioctxRbxO+57wSMy15BZskk0mrV7u4JkpP4A4=
github.com/hqpko/hconcurrent v0.1.3/go.mod h1:7pjp8LYxqxot/j4DmyJXJt2tziy9CVmPHOtpNdK6x8g=
